
Microsoft Visual Studio Solution File, Format Version 12.00
# Visual Studio Version 17
VisualStudioVersion = 17.4.33110.190
MinimumVisualStudioVersion = 10.0.40219.1
Project("{FAE04EC0-301F-11D3-BF4B-00C04F79EFBC}") = "ServiceCheckList", "ServiceCheckList\ServiceCheckList.csproj", "{A973DED6-5BCF-4259-B0BF-E6D972B55527}"
EndProject
Global
	GlobalSection(SolutionConfigurationPlatforms) = preSolution
		Debug|Any CPU = Debug|Any CPU
		Release|Any CPU = Release|Any CPU
	EndGlobalSection
	GlobalSection(ProjectConfigurationPlatforms) = postSolution
		{A973DED6-5BCF-4259-B0BF-E6D972B55527}.Debug|Any CPU.ActiveCfg = Debug|Any CPU
		{A973DED6-5BCF-4259-B0BF-E6D972B55527}.Debug|Any CPU.Build.0 = Debug|Any CPU
		{A973DED6-5BCF-4259-B0BF-E6D972B55527}.Release|Any CPU.ActiveCfg = Release|Any CPU
		{A973DED6-5BCF-4259-B0BF-E6D972B55527}.Release|Any CPU.Build.0 = Release|Any CPU
	EndGlobalSection
	GlobalSection(SolutionProperties) = preSolution
		HideSolutionNode = FALSE
	EndGlobalSection
	GlobalSection(ExtensibilityGlobals) = postSolution
		SolutionGuid = {6718E957-ED95-4C54-8D59-68112C54EB43}
	EndGlobalSection
EndGlobal
